
Microsoft Visual Studio Solution File, Format Version 12.00
# Visual Studio Version 17
VisualStudioVersion = 17.9.34728.123
MinimumVisualStudioVersion = 10.0.40219.1
Project("{FAE04EC0-301F-11D3-BF4B-00C04F79EFBC}") = "Custom Calculator", "Custom Calculator.csproj", "{AE4D93DD-97D9-42D6-A666-F80979EAFD22}"
EndProject
Project("{FAE04EC0-301F-11D3-BF4B-00C04F79EFBC}") = "Custom Calculator Backend class", "..\Custom Calculator Backend class\Custom Calculator Backend class.csproj", "{3A9E0195-30E7-4514-99C0-50F35AA05BF9}"
EndProject
Global
	GlobalSection(SolutionConfigurationPlatforms) = preSolution
		Debug|Any CPU = Debug|Any CPU
		Release|Any CPU = Release|Any CPU
	EndGlobalSection
	GlobalSection(ProjectConfigurationPlatforms) = postSolution
		{AE4D93DD-97D9-42D6-A666-F80979EAFD22}.Debug|Any CPU.ActiveCfg = Debug|Any CPU
		{AE4D93DD-97D9-42D6-A666-F80979EAFD22}.Debug|Any CPU.Build.0 = Debug|Any CPU
		{AE4D93DD-97D9-42D6-A666-F80979EAFD22}.Release|Any CPU.ActiveCfg = Release|Any CPU
		{AE4D93DD-97D9-42D6-A666-F80979EAFD22}.Release|Any CPU.Build.0 = Release|Any CPU
		{3A9E0195-30E7-4514-99C0-50F35AA05BF9}.Debug|Any CPU.ActiveCfg = Debug|Any CPU
		{3A9E0195-30E7-4514-99C0-50F35AA05BF9}.Debug|Any CPU.Build.0 = Debug|Any CPU
		{3A9E0195-30E7-4514-99C0-50F35AA05BF9}.Release|Any CPU.ActiveCfg = Release|Any CPU
		{3A9E0195-30E7-4514-99C0-50F35AA05BF9}.Release|Any CPU.Build.0 = Release|Any CPU
	EndGlobalSection
	GlobalSection(SolutionProperties) = preSolution
		HideSolutionNode = FALSE
	EndGlobalSection
	GlobalSection(ExtensibilityGlobals) = postSolution
		SolutionGuid = {7C985725-1AA6-4095-8D52-A3AA78250319}
	EndGlobalSection
EndGlobal
